// !$*UTF8*$!
{
	archiveVersion = 1;
	classes = {
	};
	objectVersion = 50;
	objects = {

/* Begin PBXBuildFile section */
		C948579D2549200600C6A859 /* AppDelegate.swift in Sources */ = {isa = PBXBuildFile; fileRef = C948579C2549200600C6A859 /* AppDelegate.swift */; };
		C948579F2549200600C6A859 /* SceneDelegate.swift in Sources */ = {isa = PBXBuildFile; fileRef = C948579E2549200600C6A859 /* SceneDelegate.swift */; };
		C94857A12549200600C6A859 /* StatesTableViewController.swift in Sources */ = {isa = PBXBuildFile; fileRef = C94857A02549200600C6A859 /* StatesTableViewController.swift */; };
		C94857A42549200600C6A859 /* Main.storyboard in Resources */ = {isa = PBXBuildFile; fileRef = C94857A22549200600C6A859 /* Main.storyboard */; };
		C94857A62549200700C6A859 /* Assets.xcassets in Resources */ = {isa = PBXBuildFile; fileRef = C94857A52549200700C6A859 /* Assets.xcassets */; };
		C94857A92549200700C6A859 /* LaunchScreen.storyboard in Resources */ = {isa = PBXBuildFile; fileRef = C94857A72549200700C6A859 /* LaunchScreen.storyboard */; };
		C94857B4254928D900C6A859 /* AboutUsViewController.swift in Sources */ = {isa = PBXBuildFile; fileRef = C94857B3254928D900C6A859 /* AboutUsViewController.swift */; };
		C94857BA25493C1400C6A859 /* StateTableViewCell.swift in Sources */ = {isa = PBXBuildFile; fileRef = C94857B925493C1400C6A859 /* StateTableViewCell.swift */; };
		C94857BE2549418800C6A859 /* StateDetailViewController.swift in Sources */ = {isa = PBXBuildFile; fileRef = C94857BD2549418800C6A859 /* StateDetailViewController.swift */; };
		C94857C42549504700C6A859 /* State.swift in Sources */ = {isa = PBXBuildFile; fileRef = C94857C32549504700C6A859 /* State.swift */; };
/* End PBXBuildFile section */

/* Begin PBXFileReference section */
		C94857992549200600C6A859 /* StateListsApp.app */ = {isa = PBXFileReference; explicitFileType = wrapper.application; includeInIndex = 0; path = StateListsApp.app; sourceTree = BUILT_PRODUCTS_DIR; };
		C948579C2549200600C6A859 /* AppDelegate.swift */ = {isa = PBXFileReference; lastKnownFileType = sourcecode.swift; path = AppDelegate.swift; sourceTree = "<group>"; };
		C948579E2549200600C6A859 /* SceneDelegate.swift */ = {isa = PBXFileReference; lastKnownFileType = sourcecode.swift; path = SceneDelegate.swift; sourceTree = "<group>"; };
		C94857A02549200600C6A859 /* StatesTableViewController.swift */ = {isa = PBXFileReference; lastKnownFileType = sourcecode.swift; path = StatesTableViewController.swift; sourceTree = "<group>"; };
		C94857A32549200600C6A859 /* Base */ = {isa = PBXFileReference; lastKnownFileType = file.storyboard; name = Base; path = Base.lproj/Main.storyboard; sourceTree = "<group>"; };
		C94857A52549200700C6A859 /* Assets.xcassets */ = {isa = PBXFileReference; lastKnownFileType = folder.assetcatalog; path = Assets.xcassets; sourceTree = "<group>"; };
		C94857A82549200700C6A859 /* Base */ = {isa = PBXFileReference; lastKnownFileType = file.storyboard; name = Base; path = Base.lproj/LaunchScreen.storyboard; sourceTree = "<group>"; };
		C94857AA2549200700C6A859 /* Info.plist */ = {isa = PBXFileReference; lastKnownFileType = text.plist.xml; path = Info.plist; sourceTree = "<group>"; };
		C94857B3254928D900C6A859 /* AboutUsViewController.swift */ = {isa = PBXFileReference; lastKnownFileType = sourcecode.swift; path = AboutUsViewController.swift; sourceTree = "<group>"; };
		C94857B925493C1400C6A859 /* StateTableViewCell.swift */ = {isa = PBXFileReference; lastKnownFileType = sourcecode.swift; path = StateTableViewCell.swift; sourceTree = "<group>"; };
		C94857BD2549418800C6A859 /* StateDetailViewController.swift */ = {isa = PBXFileReference; lastKnownFileType = sourcecode.swift; path = StateDetailViewController.swift; sourceTree = "<group>"; };
		C94857C32549504700C6A859 /* State.swift */ = {isa = PBXFileReference; lastKnownFileType = sourcecode.swift; path = State.swift; sourceTree = "<group>"; };
/* End PBXFileReference section */

/* Begin PBXFrameworksBuildPhase section */
		C94857962549200600C6A859 /* Frameworks */ = {
			isa = PBXFrameworksBuildPhase;
			buildActionMask = 2147483647;
			files = (
			);
			runOnlyForDeploymentPostprocessing = 0;
		};
/* End PBXFrameworksBuildPhase section */

/* Begin PBXGroup section */
		C94857902549200600C6A859 = {
			isa = PBXGroup;
			children = (
				C948579B2549200600C6A859 /* StateListsApp */,
				C948579A2549200600C6A859 /* Products */,
			);
			sourceTree = "<group>";
		};
		C948579A2549200600C6A859 /* Products */ = {
			isa = PBXGroup;
			children = (
				C94857992549200600C6A859 /* StateListsApp.app */,
			);
			name = Products;
			sourceTree = "<group>";
		};
		C948579B2549200600C6A859 /* StateListsApp */ = {
			isa = PBXGroup;
			children = (
				C948579C2549200600C6A859 /* AppDelegate.swift */,
				C948579E2549200600C6A859 /* SceneDelegate.swift */,
				C94857A02549200600C6A859 /* StatesTableViewController.swift */,
				C94857C32549504700C6A859 /* State.swift */,
				C94857B925493C1400C6A859 /* StateTableViewCell.swift */,
				C94857BD2549418800C6A859 /* StateDetailViewController.swift */,
				C94857B3254928D900C6A859 /* AboutUsViewController.swift */,
				C94857A22549200600C6A859 /* Main.storyboard */,
				C94857A52549200700C6A859 /* Assets.xcassets */,
				C94857A72549200700C6A859 /* LaunchScreen.storyboard */,
				C94857AA2549200700C6A859 /* Info.plist */,
			);
			path = StateListsApp;
			sourceTree = "<group>";
		};
/* End PBXGroup section */

/* Begin PBXNativeTarget section */
		C94857982549200600C6A859 /* StateListsApp */ = {
			isa = PBXNativeTarget;
			buildConfigurationList = C94857AD2549200700C6A859 /* Build configuration list for PBXNativeTarget "StateListsApp" */;
			buildPhases = (
				C94857952549200600C6A859 /* Sources */,
				C94857962549200600C6A859 /* Frameworks */,
				C94857972549200600C6A859 /* Resources */,
			);
			buildRules = (
			);
			dependencies = (
			);
			name = StateListsApp;
			productName = StateListsApp;
			productReference = C94857992549200600C6A859 /* StateListsApp.app */;
			productType = "com.apple.product-type.application";
		};
/* End PBXNativeTarget section */

/* Begin PBXProject section */
		C94857912549200600C6A859 /* Project object */ = {
			isa = PBXProject;
			attributes = {
				LastSwiftUpdateCheck = 1210;
				LastUpgradeCheck = 1210;
				TargetAttributes = {
					C94857982549200600C6A859 = {
						CreatedOnToolsVersion = 12.1;
					};
				};
			};
			buildConfigurationList = C94857942549200600C6A859 /* Build configuration list for PBXProject "StateListsApp" */;
			compatibilityVersion = "Xcode 9.3";
			developmentRegion = en;
			hasScannedForEncodings = 0;
			knownRegions = (
				en,
				Base,
			);
			mainGroup = C94857902549200600C6A859;
			productRefGroup = C948579A2549200600C6A859 /* Products */;
			projectDirPath = "";
			projectRoot = "";
			targets = (
				C94857982549200600C6A859 /* StateListsApp */,
			);
		};
/* End PBXProject section */

/* Begin PBXResourcesBuildPhase section */
		C94857972549200600C6A859 /* Resources */ = {
			isa = PBXResourcesBuildPhase;
			buildActionMask = 2147483647;
			files = (
				C94857A92549200700C6A859 /* LaunchScreen.storyboard in Resources */,
				C94857A62549200700C6A859 /* Assets.xcassets in Resources */,
				C94857A42549200600C6A859 /* Main.storyboard in Resources */,
			);
			runOnlyForDeploymentPostprocessing = 0;
		};
/* End PBXResourcesBuildPhase section */

/* Begin PBXSourcesBuildPhase section */
		C94857952549200600C6A859 /* Sources */ = {
			isa = PBXSourcesBuildPhase;
			buildActionMask = 2147483647;
			files = (
				C94857A12549200600C6A859 /* StatesTableViewController.swift in Sources */,
				C948579D2549200600C6A859 /* AppDelegate.swift in Sources */,
				C94857BA25493C1400C6A859 /* StateTableViewCell.swift in Sources */,
				C94857B4254928D900C6A859 /* AboutUsViewController.swift in Sources */,
				C948579F2549200600C6A859 /* SceneDelegate.swift in Sources */,
				C94857C42549504700C6A859 /* State.swift in Sources */,
				C94857BE2549418800C6A859 /* StateDetailViewController.swift in Sources */,
			);
			runOnlyForDeploymentPostprocessing = 0;
		};
/* End PBXSourcesBuildPhase section */

/* Begin PBXVariantGroup section */
		C94857A22549200600C6A859 /* Main.storyboard */ = {
			isa = PBXVariantGroup;
			children = (
				C94857A32549200600C6A859 /* Base */,
			);
			name = Main.storyboard;
			sourceTree = "<group>";
		};
		C94857A72549200700C6A859 /* LaunchScreen.storyboard */ = {
			isa = PBXVariantGroup;
			children = (
				C94857A82549200700C6A859 /* Base */,
			);
			name = LaunchScreen.storyboard;
			sourceTree = "<group>";
		};
/* End PBXVariantGroup section */

/* Begin XCBuildConfiguration section */
		C94857AB2549200700C6A859 /* Debug */ = {
			isa = XCBuildConfiguration;
			buildSettings = {
				ALWAYS_SEARCH_USER_PATHS = NO;
				CLANG_ANALYZER_NONNULL = YES;
				CLANG_ANALYZER_NUMBER_OBJECT_CONVERSION = YES_AGGRESSIVE;
				CLANG_CXX_LANGUAGE_STANDARD = "gnu++14";
				CLANG_CXX_LIBRARY = "libc++";
				CLANG_ENABLE_MODULES = YES;
				CLANG_ENABLE_OBJC_ARC = YES;
				CLANG_ENABLE_OBJC_WEAK = YES;
				CLANG_WARN_BLOCK_CAPTURE_AUTORELEASING = YES;
				CLANG_WARN_BOOL_CONVERSION = YES;
				CLANG_WARN_COMMA = YES;
				CLANG_WARN_CONSTANT_CONVERSION = YES;
				CLANG_WARN_DEPRECATED_OBJC_IMPLEMENTATIONS = YES;
				CLANG_WARN_DIRECT_OBJC_ISA_USAGE = YES_ERROR;
				CLANG_WARN_DOCUMENTATION_COMMENTS = YES;
				CLANG_WARN_EMPTY_BODY = YES;
				CLANG_WARN_ENUM_CONVERSION = YES;
				CLANG_WARN_INFINITE_RECURSION = YES;
				CLANG_WARN_INT_CONVERSION = YES;
				CLANG_WARN_NON_LITERAL_NULL_CONVERSION = YES;
				CLANG_WARN_OBJC_IMPLICIT_RETAIN_SELF = YES;
				CLANG_WARN_OBJC_LITERAL_CONVERSION = YES;
				CLANG_WARN_OBJC_ROOT_CLASS = YES_ERROR;
				CLANG_WARN_QUOTED_INCLUDE_IN_FRAMEWORK_HEADER = YES;
				CLANG_WARN_RANGE_LOOP_ANALYSIS = YES;
				CLANG_WARN_STRICT_PROTOTYPES = YES;
				CLANG_WARN_SUSPICIOUS_MOVE = YES;
				CLANG_WARN_UNGUARDED_AVAILABILITY = YES_AGGRESSIVE;
				CLANG_WARN_UNREACHABLE_CODE = YES;
				CLANG_WARN__DUPLICATE_METHOD_MATCH = YES;
				COPY_PHASE_STRIP = NO;
				DEBUG_INFORMATION_FORMAT = dwarf;
				ENABLE_STRICT_OBJC_MSGSEND = YES;
				ENABLE_TESTABILITY = YES;
				GCC_C_LANGUAGE_STANDARD = gnu11;
				GCC_DYNAMIC_NO_PIC = NO;
				GCC_NO_COMMON_BLOCKS = YES;
				GCC_OPTIMIZATION_LEVEL = 0;
				GCC_PREPROCESSOR_DEFINITIONS = (
					"DEBUG=1",
					"$(inherited)",
				);
				GCC_WARN_64_TO_32_BIT_CONVERSION = YES;
				GCC_WARN_ABOUT_RETURN_TYPE = YES_ERROR;
				GCC_WARN_UNDECLARED_SELECTOR = YES;
				GCC_WARN_UNINITIALIZED_AUTOS = YES_AGGRESSIVE;
				GCC_WARN_UNUSED_FUNCTION = YES;
				GCC_WARN_UNUSED_VARIABLE = YES;
				IPHONEOS_DEPLOYMENT_TARGET = 14.1;
				MTL_ENABLE_DEBUG_INFO = INCLUDE_SOURCE;
				MTL_FAST_MATH = YES;
				ONLY_ACTIVE_ARCH = YES;
				SDKROOT = iphoneos;
				SWIFT_ACTIVE_COMPILATION_CONDITIONS = DEBUG;
				SWIFT_OPTIMIZATION_LEVEL = "-Onone";
			};
			name = Debug;
		};
		C94857AC2549200700C6A859 /* Release */ = {
			isa = XCBuildConfiguration;
			buildSettings = {
				ALWAYS_SEARCH_USER_PATHS = NO;
				CLANG_ANALYZER_NONNULL = YES;
				CLANG_ANALYZER_NUMBER_OBJECT_CONVERSION = YES_AGGRESSIVE;
				CLANG_CXX_LANGUAGE_STANDARD = "gnu++14";
				CLANG_CXX_LIBRARY = "libc++";
				CLANG_ENABLE_MODULES = YES;
				CLANG_ENABLE_OBJC_ARC = YES;
				CLANG_ENABLE_OBJC_WEAK = YES;
				CLANG_WARN_BLOCK_CAPTURE_AUTORELEASING = YES;
				CLANG_WARN_BOOL_CONVERSION = YES;
				CLANG_WARN_COMMA = YES;
				CLANG_WARN_CONSTANT_CONVERSION = YES;
				CLANG_WARN_DEPRECATED_OBJC_IMPLEMENTATIONS = YES;
				CLANG_WARN_DIRECT_OBJC_ISA_USAGE = YES_ERROR;
				CLANG_WARN_DOCUMENTATION_COMMENTS = YES;
				CLANG_WARN_EMPTY_BODY = YES;
				CLANG_WARN_ENUM_CONVERSION = YES;
				CLANG_WARN_INFINITE_RECURSION = YES;
				CLANG_WARN_INT_CONVERSION = YES;
				CLANG_WARN_NON_LITERAL_NULL_CONVERSION = YES;
				CLANG_WARN_OBJC_IMPLICIT_RETAIN_SELF = YES;
				CLANG_WARN_OBJC_LITERAL_CONVERSION = YES;
				CLANG_WARN_OBJC_ROOT_CLASS = YES_ERROR;
				CLANG_WARN_QUOTED_INCLUDE_IN_FRAMEWORK_HEADER = YES;
				CLANG_WARN_RANGE_LOOP_ANALYSIS = YES;
				CLANG_WARN_STRICT_PROTOTYPES = YES;
				CLANG_WARN_SUSPICIOUS_MOVE = YES;
				CLANG_WARN_UNGUARDED_AVAILABILITY = YES_AGGRESSIVE;
				CLANG_WARN_UNREACHABLE_CODE = YES;
				CLANG_WARN__DUPLICATE_METHOD_MATCH = YES;
				COPY_PHASE_STRIP = NO;
				DEBUG_INFORMATION_FORMAT = "dwarf-with-dsym";
				ENABLE_NS_ASSERTIONS = NO;
				ENABLE_STRICT_OBJC_MSGSEND = YES;
				GCC_C_LANGUAGE_STANDARD = gnu11;
				GCC_NO_COMMON_BLOCKS = YES;
				GCC_WARN_64_TO_32_BIT_CONVERSION = YES;
				GCC_WARN_ABOUT_RETURN_TYPE = YES_ERROR;
				GCC_WARN_UNDECLARED_SELECTOR = YES;
				GCC_WARN_UNINITIALIZED_AUTOS = YES_AGGRESSIVE;
				GCC_WARN_UNUSED_FUNCTION = YES;
				GCC_WARN_UNUSED_VARIABLE = YES;
				IPHONEOS_DEPLOYMENT_TARGET = 14.1;
				MTL_ENABLE_DEBUG_INFO = NO;
				MTL_FAST_MATH = YES;
				SDKROOT = iphoneos;
				SWIFT_COMPILATION_MODE = wholemodule;
				SWIFT_OPTIMIZATION_LEVEL = "-O";
				VALIDATE_PRODUCT = YES;
			};
			name = Release;
		};
		C94857AE2549200700C6A859 /* Debug */ = {
			isa = XCBuildConfiguration;
			buildSettings = {
				ASSETCATALOG_COMPILER_APPICON_NAME = AppIcon;
				ASSETCATALOG_COMPILER_GLOBAL_ACCENT_COLOR_NAME = AccentColor;
				CODE_SIGN_STYLE = Automatic;
				INFOPLIST_FILE = StateListsApp/Info.plist;
				LD_RUNPATH_SEARCH_PATHS = (
					"$(inherited)",
					"@executable_path/Frameworks",
				);
				PRODUCT_BUNDLE_IDENTIFIER = com.iovitamin.StateListsApp;
				PRODUCT_NAME = "$(TARGET_NAME)";
				SWIFT_VERSION = 5.0;
				TARGETED_DEVICE_FAMILY = "1,2";
			};
			name = Debug;
		};
		C94857AF2549200700C6A859 /* Release */ = {
			isa = XCBuildConfiguration;
			buildSettings = {
				ASSETCATALOG_COMPILER_APPICON_NAME = AppIcon;
				ASSETCATALOG_COMPILER_GLOBAL_ACCENT_COLOR_NAME = AccentColor;
				CODE_SIGN_STYLE = Automatic;
				INFOPLIST_FILE = StateListsApp/Info.plist;
				LD_RUNPATH_SEARCH_PATHS = (
					"$(inherited)",
					"@executable_path/Frameworks",
				);
				PRODUCT_BUNDLE_IDENTIFIER = com.iovitamin.StateListsApp;
				PRODUCT_NAME = "$(TARGET_NAME)";
				SWIFT_VERSION = 5.0;
				TARGETED_DEVICE_FAMILY = "1,2";
			};
			name = Release;
		};
/* End XCBuildConfiguration section */

/* Begin XCConfigurationList section */
		C94857942549200600C6A859 /* Build configuration list for PBXProject "StateListsApp" */ = {
			isa = XCConfigurationList;
			buildConfigurations = (
				C94857AB2549200700C6A859 /* Debug */,
				C94857AC2549200700C6A859 /* Release */,
			);
			defaultConfigurationIsVisible = 0;
			defaultConfigurationName = Release;
		};
		C94857AD2549200700C6A859 /* Build configuration list for PBXNativeTarget "StateListsApp" */ = {
			isa = XCConfigurationList;
			buildConfigurations = (
				C94857AE2549200700C6A859 /* Debug */,
				C94857AF2549200700C6A859 /* Release */,
			);
			defaultConfigurationIsVisible = 0;
			defaultConfigurationName = Release;
		};
/* End XCConfigurationList section */
	};
	rootObject = C94857912549200600C6A859 /* Project object */;
}
